
Microsoft Visual Studio Solution File, Format Version 11.00
# Visual Studio 2010
Project("{FAE04EC0-301F-11D3-BF4B-00C04F79EFBC}") = "IrcD.Net", "IrcD.Net\IrcD.Net.csproj", "{733D306D-EE08-40CB-92F8-1B6545C51C9B}"
EndProject
Global
	GlobalSection(SolutionConfigurationPlatforms) = preSolution
		Debug|Any CPU = Debug|Any CPU
		Release|Any CPU = Release|Any CPU
	EndGlobalSection
	GlobalSection(ProjectConfigurationPlatforms) = postSolution
		{733D306D-EE08-40CB-92F8-1B6545C51C9B}.Debug|Any CPU.ActiveCfg = Debug|Any CPU
		{733D306D-EE08-40CB-92F8-1B6545C51C9B}.Debug|Any CPU.Build.0 = Debug|Any CPU
		{733D306D-EE08-40CB-92F8-1B6545C51C9B}.Release|Any CPU.ActiveCfg = Release|Any CPU
		{733D306D-EE08-40CB-92F8-1B6545C51C9B}.Release|Any CPU.Build.0 = Release|Any CPU
	EndGlobalSection
	GlobalSection(SolutionProperties) = preSolution
		HideSolutionNode = FALSE
	EndGlobalSection
EndGlobal
